// !$*UTF8*$!
{
	archiveVersion = 1;
	classes = {
	};
	objectVersion = 56;
	objects = {

/* Begin PBXBuildFile section */
		17161457297827C900CF6A36 /* BookAppApp.swift in Sources */ = {isa = PBXBuildFile; fileRef = 17161456297827C900CF6A36 /* BookAppApp.swift */; };
		17161459297827C900CF6A36 /* ContentView.swift in Sources */ = {isa = PBXBuildFile; fileRef = 17161458297827C900CF6A36 /* ContentView.swift */; };
		1716145B297827CA00CF6A36 /* Assets.xcassets in Resources */ = {isa = PBXBuildFile; fileRef = 1716145A297827CA00CF6A36 /* Assets.xcassets */; };
		1716145E297827CA00CF6A36 /* Preview Assets.xcassets in Resources */ = {isa = PBXBuildFile; fileRef = 1716145D297827CA00CF6A36 /* Preview Assets.xcassets */; };
		17161460297827CA00CF6A36 /* Persistence.swift in Sources */ = {isa = PBXBuildFile; fileRef = 1716145F297827CA00CF6A36 /* Persistence.swift */; };
		17161463297827CA00CF6A36 /* BookApp.xcdatamodeld in Sources */ = {isa = PBXBuildFile; fileRef = 17161461297827CA00CF6A36 /* BookApp.xcdatamodeld */; };
		1716146E29782A1700CF6A36 /* AddBookView.swift in Sources */ = {isa = PBXBuildFile; fileRef = 1716146D29782A1700CF6A36 /* AddBookView.swift */; };
		1716147029782A3B00CF6A36 /* BookDetailView.swift in Sources */ = {isa = PBXBuildFile; fileRef = 1716146F29782A3B00CF6A36 /* BookDetailView.swift */; };
		1716147229782A9F00CF6A36 /* AddBookViewModel.swift in Sources */ = {isa = PBXBuildFile; fileRef = 1716147129782A9F00CF6A36 /* AddBookViewModel.swift */; };
		1716147429782B0200CF6A36 /* BookResponse.swift in Sources */ = {isa = PBXBuildFile; fileRef = 1716147329782B0200CF6A36 /* BookResponse.swift */; };
		1716147629782B8B00CF6A36 /* TabBarView.swift in Sources */ = {isa = PBXBuildFile; fileRef = 1716147529782B8B00CF6A36 /* TabBarView.swift */; };
		1716147829782BA000CF6A36 /* HomePage.swift in Sources */ = {isa = PBXBuildFile; fileRef = 1716147729782BA000CF6A36 /* HomePage.swift */; };
		1716147A29782BD500CF6A36 /* DownloadView.swift in Sources */ = {isa = PBXBuildFile; fileRef = 1716147929782BD500CF6A36 /* DownloadView.swift */; };
		1716147C29782D2800CF6A36 /* BookApiDetailView.swift in Sources */ = {isa = PBXBuildFile; fileRef = 1716147B29782D2800CF6A36 /* BookApiDetailView.swift */; };
		1716147F29782F7100CF6A36 /* SDWebImageSwiftUI in Frameworks */ = {isa = PBXBuildFile; productRef = 1716147E29782F7100CF6A36 /* SDWebImageSwiftUI */; };
		171614812978301E00CF6A36 /* DetailDownloadView.swift in Sources */ = {isa = PBXBuildFile; fileRef = 171614802978301E00CF6A36 /* DetailDownloadView.swift */; };
/* End PBXBuildFile section */

/* Begin PBXFileReference section */
		17161453297827C900CF6A36 /* BookApp.app */ = {isa = PBXFileReference; explicitFileType = wrapper.application; includeInIndex = 0; path = BookApp.app; sourceTree = BUILT_PRODUCTS_DIR; };
		17161456297827C900CF6A36 /* BookAppApp.swift */ = {isa = PBXFileReference; lastKnownFileType = sourcecode.swift; path = BookAppApp.swift; sourceTree = "<group>"; };
		17161458297827C900CF6A36 /* ContentView.swift */ = {isa = PBXFileReference; lastKnownFileType = sourcecode.swift; path = ContentView.swift; sourceTree = "<group>"; };
		1716145A297827CA00CF6A36 /* Assets.xcassets */ = {isa = PBXFileReference; lastKnownFileType = folder.assetcatalog; path = Assets.xcassets; sourceTree = "<group>"; };
		1716145D297827CA00CF6A36 /* Preview Assets.xcassets */ = {isa = PBXFileReference; lastKnownFileType = folder.assetcatalog; path = "Preview Assets.xcassets"; sourceTree = "<group>"; };
		1716145F297827CA00CF6A36 /* Persistence.swift */ = {isa = PBXFileReference; lastKnownFileType = sourcecode.swift; path = Persistence.swift; sourceTree = "<group>"; };
		17161462297827CA00CF6A36 /* BookApp.xcdatamodel */ = {isa = PBXFileReference; lastKnownFileType = wrapper.xcdatamodel; path = BookApp.xcdatamodel; sourceTree = "<group>"; };
		1716146D29782A1700CF6A36 /* AddBookView.swift */ = {isa = PBXFileReference; lastKnownFileType = sourcecode.swift; path = AddBookView.swift; sourceTree = "<group>"; };
		1716146F29782A3B00CF6A36 /* BookDetailView.swift */ = {isa = PBXFileReference; lastKnownFileType = sourcecode.swift; path = BookDetailView.swift; sourceTree = "<group>"; };
		1716147129782A9F00CF6A36 /* AddBookViewModel.swift */ = {isa = PBXFileReference; lastKnownFileType = sourcecode.swift; path = AddBookViewModel.swift; sourceTree = "<group>"; };
		1716147329782B0200CF6A36 /* BookResponse.swift */ = {isa = PBXFileReference; lastKnownFileType = sourcecode.swift; path = BookResponse.swift; sourceTree = "<group>"; };
		1716147529782B8B00CF6A36 /* TabBarView.swift */ = {isa = PBXFileReference; lastKnownFileType = sourcecode.swift; path = TabBarView.swift; sourceTree = "<group>"; };
		1716147729782BA000CF6A36 /* HomePage.swift */ = {isa = PBXFileReference; lastKnownFileType = sourcecode.swift; path = HomePage.swift; sourceTree = "<group>"; };
		1716147929782BD500CF6A36 /* DownloadView.swift */ = {isa = PBXFileReference; lastKnownFileType = sourcecode.swift; path = DownloadView.swift; sourceTree = "<group>"; };
		1716147B29782D2800CF6A36 /* BookApiDetailView.swift */ = {isa = PBXFileReference; lastKnownFileType = sourcecode.swift; path = BookApiDetailView.swift; sourceTree = "<group>"; };
		171614802978301E00CF6A36 /* DetailDownloadView.swift */ = {isa = PBXFileReference; lastKnownFileType = sourcecode.swift; path = DetailDownloadView.swift; sourceTree = "<group>"; };
		171614822978328A00CF6A36 /* Info.plist */ = {isa = PBXFileReference; lastKnownFileType = text.plist; path = Info.plist; sourceTree = "<group>"; };
/* End PBXFileReference section */

/* Begin PBXFrameworksBuildPhase section */
		17161450297827C900CF6A36 /* Frameworks */ = {
			isa = PBXFrameworksBuildPhase;
			buildActionMask = 2147483647;
			files = (
				1716147F29782F7100CF6A36 /* SDWebImageSwiftUI in Frameworks */,
			);
			runOnlyForDeploymentPostprocessing = 0;
		};
/* End PBXFrameworksBuildPhase section */

/* Begin PBXGroup section */
		1716144A297827C900CF6A36 = {
			isa = PBXGroup;
			children = (
				17161455297827C900CF6A36 /* BookApp */,
				17161454297827C900CF6A36 /* Products */,
			);
			sourceTree = "<group>";
		};
		17161454297827C900CF6A36 /* Products */ = {
			isa = PBXGroup;
			children = (
				17161453297827C900CF6A36 /* BookApp.app */,
			);
			name = Products;
			sourceTree = "<group>";
		};
		17161455297827C900CF6A36 /* BookApp */ = {
			isa = PBXGroup;
			children = (
				171614822978328A00CF6A36 /* Info.plist */,
				17161456297827C900CF6A36 /* BookAppApp.swift */,
				1716146B297828E200CF6A36 /* Models */,
				1716146A297828D500CF6A36 /* ViewModel */,
				17161469297828CE00CF6A36 /* Views */,
				1716145A297827CA00CF6A36 /* Assets.xcassets */,
				1716145F297827CA00CF6A36 /* Persistence.swift */,
				17161461297827CA00CF6A36 /* BookApp.xcdatamodeld */,
				1716145C297827CA00CF6A36 /* Preview Content */,
			);
			path = BookApp;
			sourceTree = "<group>";
		};
		1716145C297827CA00CF6A36 /* Preview Content */ = {
			isa = PBXGroup;
			children = (
				1716145D297827CA00CF6A36 /* Preview Assets.xcassets */,
			);
			path = "Preview Content";
			sourceTree = "<group>";
		};
		17161469297828CE00CF6A36 /* Views */ = {
			isa = PBXGroup;
			children = (
				17161458297827C900CF6A36 /* ContentView.swift */,
				1716146D29782A1700CF6A36 /* AddBookView.swift */,
				1716146F29782A3B00CF6A36 /* BookDetailView.swift */,
				1716147529782B8B00CF6A36 /* TabBarView.swift */,
				1716147729782BA000CF6A36 /* HomePage.swift */,
				1716147929782BD500CF6A36 /* DownloadView.swift */,
				1716147B29782D2800CF6A36 /* BookApiDetailView.swift */,
				171614802978301E00CF6A36 /* DetailDownloadView.swift */,
			);
			path = Views;
			sourceTree = "<group>";
		};
		1716146A297828D500CF6A36 /* ViewModel */ = {
			isa = PBXGroup;
			children = (
				1716147129782A9F00CF6A36 /* AddBookViewModel.swift */,
			);
			path = ViewModel;
			sourceTree = "<group>";
		};
		1716146B297828E200CF6A36 /* Models */ = {
			isa = PBXGroup;
			children = (
				1716147329782B0200CF6A36 /* BookResponse.swift */,
			);
			path = Models;
			sourceTree = "<group>";
		};
/* End PBXGroup section */

/* Begin PBXNativeTarget section */
		17161452297827C900CF6A36 /* BookApp */ = {
			isa = PBXNativeTarget;
			buildConfigurationList = 17161466297827CA00CF6A36 /* Build configuration list for PBXNativeTarget "BookApp" */;
			buildPhases = (
				1716144F297827C900CF6A36 /* Sources */,
				17161450297827C900CF6A36 /* Frameworks */,
				17161451297827C900CF6A36 /* Resources */,
			);
			buildRules = (
			);
			dependencies = (
			);
			name = BookApp;
			packageProductDependencies = (
				1716147E29782F7100CF6A36 /* SDWebImageSwiftUI */,
			);
			productName = BookApp;
			productReference = 17161453297827C900CF6A36 /* BookApp.app */;
			productType = "com.apple.product-type.application";
		};
/* End PBXNativeTarget section */

/* Begin PBXProject section */
		1716144B297827C900CF6A36 /* Project object */ = {
			isa = PBXProject;
			attributes = {
				BuildIndependentTargetsInParallel = 1;
				LastSwiftUpdateCheck = 1420;
				LastUpgradeCheck = 1420;
				TargetAttributes = {
					17161452297827C900CF6A36 = {
						CreatedOnToolsVersion = 14.2;
					};
				};
			};
			buildConfigurationList = 1716144E297827C900CF6A36 /* Build configuration list for PBXProject "BookApp" */;
			compatibilityVersion = "Xcode 14.0";
			developmentRegion = en;
			hasScannedForEncodings = 0;
			knownRegions = (
				en,
				Base,
			);
			mainGroup = 1716144A297827C900CF6A36;
			packageReferences = (
				1716147D29782F7100CF6A36 /* XCRemoteSwiftPackageReference "SDWebImageSwiftUI" */,
			);
			productRefGroup = 17161454297827C900CF6A36 /* Products */;
			projectDirPath = "";
			projectRoot = "";
			targets = (
				17161452297827C900CF6A36 /* BookApp */,
			);
		};
/* End PBXProject section */

/* Begin PBXResourcesBuildPhase section */
		17161451297827C900CF6A36 /* Resources */ = {
			isa = PBXResourcesBuildPhase;
			buildActionMask = 2147483647;
			files = (
				1716145E297827CA00CF6A36 /* Preview Assets.xcassets in Resources */,
				1716145B297827CA00CF6A36 /* Assets.xcassets in Resources */,
			);
			runOnlyForDeploymentPostprocessing = 0;
		};
/* End PBXResourcesBuildPhase section */

/* Begin PBXSourcesBuildPhase section */
		1716144F297827C900CF6A36 /* Sources */ = {
			isa = PBXSourcesBuildPhase;
			buildActionMask = 2147483647;
			files = (
				17161463297827CA00CF6A36 /* BookApp.xcdatamodeld in Sources */,
				1716147629782B8B00CF6A36 /* TabBarView.swift in Sources */,
				17161460297827CA00CF6A36 /* Persistence.swift in Sources */,
				17161459297827C900CF6A36 /* ContentView.swift in Sources */,
				171614812978301E00CF6A36 /* DetailDownloadView.swift in Sources */,
				17161457297827C900CF6A36 /* BookAppApp.swift in Sources */,
				1716147229782A9F00CF6A36 /* AddBookViewModel.swift in Sources */,
				1716147A29782BD500CF6A36 /* DownloadView.swift in Sources */,
				1716146E29782A1700CF6A36 /* AddBookView.swift in Sources */,
				1716147829782BA000CF6A36 /* HomePage.swift in Sources */,
				1716147C29782D2800CF6A36 /* BookApiDetailView.swift in Sources */,
				1716147029782A3B00CF6A36 /* BookDetailView.swift in Sources */,
				1716147429782B0200CF6A36 /* BookResponse.swift in Sources */,
			);
			runOnlyForDeploymentPostprocessing = 0;
		};
/* End PBXSourcesBuildPhase section */

/* Begin XCBuildConfiguration section */
		17161464297827CA00CF6A36 /* Debug */ = {
			isa = XCBuildConfiguration;
			buildSettings = {
				ALWAYS_SEARCH_USER_PATHS = NO;
				CLANG_ANALYZER_NONNULL = YES;
				CLANG_ANALYZER_NUMBER_OBJECT_CONVERSION = YES_AGGRESSIVE;
				CLANG_CXX_LANGUAGE_STANDARD = "gnu++20";
				CLANG_ENABLE_MODULES = YES;
				CLANG_ENABLE_OBJC_ARC = YES;
				CLANG_ENABLE_OBJC_WEAK = YES;
				CLANG_WARN_BLOCK_CAPTURE_AUTORELEASING = YES;
				CLANG_WARN_BOOL_CONVERSION = YES;
				CLANG_WARN_COMMA = YES;
				CLANG_WARN_CONSTANT_CONVERSION = YES;
				CLANG_WARN_DEPRECATED_OBJC_IMPLEMENTATIONS = YES;
				CLANG_WARN_DIRECT_OBJC_ISA_USAGE = YES_ERROR;
				CLANG_WARN_DOCUMENTATION_COMMENTS = YES;
				CLANG_WARN_EMPTY_BODY = YES;
				CLANG_WARN_ENUM_CONVERSION = YES;
				CLANG_WARN_INFINITE_RECURSION = YES;
				CLANG_WARN_INT_CONVERSION = YES;
				CLANG_WARN_NON_LITERAL_NULL_CONVERSION = YES;
				CLANG_WARN_OBJC_IMPLICIT_RETAIN_SELF = YES;
				CLANG_WARN_OBJC_LITERAL_CONVERSION = YES;
				CLANG_WARN_OBJC_ROOT_CLASS = YES_ERROR;
				CLANG_WARN_QUOTED_INCLUDE_IN_FRAMEWORK_HEADER = YES;
				CLANG_WARN_RANGE_LOOP_ANALYSIS = YES;
				CLANG_WARN_STRICT_PROTOTYPES = YES;
				CLANG_WARN_SUSPICIOUS_MOVE = YES;
				CLANG_WARN_UNGUARDED_AVAILABILITY = YES_AGGRESSIVE;
				CLANG_WARN_UNREACHABLE_CODE = YES;
				CLANG_WARN__DUPLICATE_METHOD_MATCH = YES;
				COPY_PHASE_STRIP = NO;
				DEBUG_INFORMATION_FORMAT = dwarf;
				ENABLE_STRICT_OBJC_MSGSEND = YES;
				ENABLE_TESTABILITY = YES;
				GCC_C_LANGUAGE_STANDARD = gnu11;
				GCC_DYNAMIC_NO_PIC = NO;
				GCC_NO_COMMON_BLOCKS = YES;
				GCC_OPTIMIZATION_LEVEL = 0;
				GCC_PREPROCESSOR_DEFINITIONS = (
					"DEBUG=1",
					"$(inherited)",
				);
				GCC_WARN_64_TO_32_BIT_CONVERSION = YES;
				GCC_WARN_ABOUT_RETURN_TYPE = YES_ERROR;
				GCC_WARN_UNDECLARED_SELECTOR = YES;
				GCC_WARN_UNINITIALIZED_AUTOS = YES_AGGRESSIVE;
				GCC_WARN_UNUSED_FUNCTION = YES;
				GCC_WARN_UNUSED_VARIABLE = YES;
				IPHONEOS_DEPLOYMENT_TARGET = 16.2;
				MTL_ENABLE_DEBUG_INFO = INCLUDE_SOURCE;
				MTL_FAST_MATH = YES;
				ONLY_ACTIVE_ARCH = YES;
				SDKROOT = iphoneos;
				SWIFT_ACTIVE_COMPILATION_CONDITIONS = DEBUG;
				SWIFT_OPTIMIZATION_LEVEL = "-Onone";
			};
			name = Debug;
		};
		17161465297827CA00CF6A36 /* Release */ = {
			isa = XCBuildConfiguration;
			buildSettings = {
				ALWAYS_SEARCH_USER_PATHS = NO;
				CLANG_ANALYZER_NONNULL = YES;
				CLANG_ANALYZER_NUMBER_OBJECT_CONVERSION = YES_AGGRESSIVE;
				CLANG_CXX_LANGUAGE_STANDARD = "gnu++20";
				CLANG_ENABLE_MODULES = YES;
				CLANG_ENABLE_OBJC_ARC = YES;
				CLANG_ENABLE_OBJC_WEAK = YES;
				CLANG_WARN_BLOCK_CAPTURE_AUTORELEASING = YES;
				CLANG_WARN_BOOL_CONVERSION = YES;
				CLANG_WARN_COMMA = YES;
				CLANG_WARN_CONSTANT_CONVERSION = YES;
				CLANG_WARN_DEPRECATED_OBJC_IMPLEMENTATIONS = YES;
				CLANG_WARN_DIRECT_OBJC_ISA_USAGE = YES_ERROR;
				CLANG_WARN_DOCUMENTATION_COMMENTS = YES;
				CLANG_WARN_EMPTY_BODY = YES;
				CLANG_WARN_ENUM_CONVERSION = YES;
				CLANG_WARN_INFINITE_RECURSION = YES;
				CLANG_WARN_INT_CONVERSION = YES;
				CLANG_WARN_NON_LITERAL_NULL_CONVERSION = YES;
				CLANG_WARN_OBJC_IMPLICIT_RETAIN_SELF = YES;
				CLANG_WARN_OBJC_LITERAL_CONVERSION = YES;
				CLANG_WARN_OBJC_ROOT_CLASS = YES_ERROR;
				CLANG_WARN_QUOTED_INCLUDE_IN_FRAMEWORK_HEADER = YES;
				CLANG_WARN_RANGE_LOOP_ANALYSIS = YES;
				CLANG_WARN_STRICT_PROTOTYPES = YES;
				CLANG_WARN_SUSPICIOUS_MOVE = YES;
				CLANG_WARN_UNGUARDED_AVAILABILITY = YES_AGGRESSIVE;
				CLANG_WARN_UNREACHABLE_CODE = YES;
				CLANG_WARN__DUPLICATE_METHOD_MATCH = YES;
				COPY_PHASE_STRIP = NO;
				DEBUG_INFORMATION_FORMAT = "dwarf-with-dsym";
				ENABLE_NS_ASSERTIONS = NO;
				ENABLE_STRICT_OBJC_MSGSEND = YES;
				GCC_C_LANGUAGE_STANDARD = gnu11;
				GCC_NO_COMMON_BLOCKS = YES;
				GCC_WARN_64_TO_32_BIT_CONVERSION = YES;
				GCC_WARN_ABOUT_RETURN_TYPE = YES_ERROR;
				GCC_WARN_UNDECLARED_SELECTOR = YES;
				GCC_WARN_UNINITIALIZED_AUTOS = YES_AGGRESSIVE;
				GCC_WARN_UNUSED_FUNCTION = YES;
				GCC_WARN_UNUSED_VARIABLE = YES;
				IPHONEOS_DEPLOYMENT_TARGET = 16.2;
				MTL_ENABLE_DEBUG_INFO = NO;
				MTL_FAST_MATH = YES;
				SDKROOT = iphoneos;
				SWIFT_COMPILATION_MODE = wholemodule;
				SWIFT_OPTIMIZATION_LEVEL = "-O";
				VALIDATE_PRODUCT = YES;
			};
			name = Release;
		};
		17161467297827CA00CF6A36 /* Debug */ = {
			isa = XCBuildConfiguration;
			buildSettings = {
				ASSETCATALOG_COMPILER_APPICON_NAME = AppIcon;
				ASSETCATALOG_COMPILER_GLOBAL_ACCENT_COLOR_NAME = AccentColor;
				CODE_SIGN_STYLE = Automatic;
				CURRENT_PROJECT_VERSION = 1;
				DEVELOPMENT_ASSET_PATHS = "\"BookApp/Preview Content\"";
				DEVELOPMENT_TEAM = 8YR2KQ4MQ5;
				ENABLE_PREVIEWS = YES;
				GENERATE_INFOPLIST_FILE = YES;
				INFOPLIST_FILE = BookApp/Info.plist;
				INFOPLIST_KEY_UIApplicationSceneManifest_Generation = YES;
				INFOPLIST_KEY_UIApplicationSupportsIndirectInputEvents = YES;
				INFOPLIST_KEY_UILaunchScreen_Generation = YES;
				INFOPLIST_KEY_UISupportedInterfaceOrientations_iPad = "UIInterfaceOrientationPortrait UIInterfaceOrientationPortraitUpsideDown UIInterfaceOrientationLandscapeLeft UIInterfaceOrientationLandscapeRight";
				INFOPLIST_KEY_UISupportedInterfaceOrientations_iPhone = "UIInterfaceOrientationPortrait UIInterfaceOrientationLandscapeLeft UIInterfaceOrientationLandscapeRight";
				LD_RUNPATH_SEARCH_PATHS = (
					"$(inherited)",
					"@executable_path/Frameworks",
				);
				MARKETING_VERSION = 1.0;
				PRODUCT_BUNDLE_IDENTIFIER = com.Tristan.BookApp;
				PRODUCT_NAME = "$(TARGET_NAME)";
				SWIFT_EMIT_LOC_STRINGS = YES;
				SWIFT_VERSION = 5.0;
				TARGETED_DEVICE_FAMILY = "1,2";
			};
			name = Debug;
		};
		17161468297827CA00CF6A36 /* Release */ = {
			isa = XCBuildConfiguration;
			buildSettings = {
				ASSETCATALOG_COMPILER_APPICON_NAME = AppIcon;
				ASSETCATALOG_COMPILER_GLOBAL_ACCENT_COLOR_NAME = AccentColor;
				CODE_SIGN_STYLE = Automatic;
				CURRENT_PROJECT_VERSION = 1;
				DEVELOPMENT_ASSET_PATHS = "\"BookApp/Preview Content\"";
				DEVELOPMENT_TEAM = 8YR2KQ4MQ5;
				ENABLE_PREVIEWS = YES;
				GENERATE_INFOPLIST_FILE = YES;
				INFOPLIST_FILE = BookApp/Info.plist;
				INFOPLIST_KEY_UIApplicationSceneManifest_Generation = YES;
				INFOPLIST_KEY_UIApplicationSupportsIndirectInputEvents = YES;
				INFOPLIST_KEY_UILaunchScreen_Generation = YES;
				INFOPLIST_KEY_UISupportedInterfaceOrientations_iPad = "UIInterfaceOrientationPortrait UIInterfaceOrientationPortraitUpsideDown UIInterfaceOrientationLandscapeLeft UIInterfaceOrientationLandscapeRight";
				INFOPLIST_KEY_UISupportedInterfaceOrientations_iPhone = "UIInterfaceOrientationPortrait UIInterfaceOrientationLandscapeLeft UIInterfaceOrientationLandscapeRight";
				LD_RUNPATH_SEARCH_PATHS = (
					"$(inherited)",
					"@executable_path/Frameworks",
				);
				MARKETING_VERSION = 1.0;
				PRODUCT_BUNDLE_IDENTIFIER = com.Tristan.BookApp;
				PRODUCT_NAME = "$(TARGET_NAME)";
				SWIFT_EMIT_LOC_STRINGS = YES;
				SWIFT_VERSION = 5.0;
				TARGETED_DEVICE_FAMILY = "1,2";
			};
			name = Release;
		};
/* End XCBuildConfiguration section */

/* Begin XCConfigurationList section */
		1716144E297827C900CF6A36 /* Build configuration list for PBXProject "BookApp" */ = {
			isa = XCConfigurationList;
			buildConfigurations = (
				17161464297827CA00CF6A36 /* Debug */,
				17161465297827CA00CF6A36 /* Release */,
			);
			defaultConfigurationIsVisible = 0;
			defaultConfigurationName = Release;
		};
		17161466297827CA00CF6A36 /* Build configuration list for PBXNativeTarget "BookApp" */ = {
			isa = XCConfigurationList;
			buildConfigurations = (
				17161467297827CA00CF6A36 /* Debug */,
				17161468297827CA00CF6A36 /* Release */,
			);
			defaultConfigurationIsVisible = 0;
			defaultConfigurationName = Release;
		};
/* End XCConfigurationList section */

/* Begin XCRemoteSwiftPackageReference section */
		1716147D29782F7100CF6A36 /* XCRemoteSwiftPackageReference "SDWebImageSwiftUI" */ = {
			isa = XCRemoteSwiftPackageReference;
			repositoryURL = "https://github.com/SDWebImage/SDWebImageSwiftUI.git";
			requirement = {
				branch = master;
				kind = branch;
			};
		};
/* End XCRemoteSwiftPackageReference section */

/* Begin XCSwiftPackageProductDependency section */
		1716147E29782F7100CF6A36 /* SDWebImageSwiftUI */ = {
			isa = XCSwiftPackageProductDependency;
			package = 1716147D29782F7100CF6A36 /* XCRemoteSwiftPackageReference "SDWebImageSwiftUI" */;
			productName = SDWebImageSwiftUI;
		};
/* End XCSwiftPackageProductDependency section */

/* Begin XCVersionGroup section */
		17161461297827CA00CF6A36 /* BookApp.xcdatamodeld */ = {
			isa = XCVersionGroup;
			children = (
				17161462297827CA00CF6A36 /* BookApp.xcdatamodel */,
			);
			currentVersion = 17161462297827CA00CF6A36 /* BookApp.xcdatamodel */;
			path = BookApp.xcdatamodeld;
			sourceTree = "<group>";
			versionGroupType = wrapper.xcdatamodel;
		};
/* End XCVersionGroup section */
	};
	rootObject = 1716144B297827C900CF6A36 /* Project object */;
}
